
Microsoft Visual Studio Solution File, Format Version 12.00
# Visual Studio Version 17
VisualStudioVersion = 17.13.35825.156 d17.13
MinimumVisualStudioVersion = 10.0.40219.1
Project("{FAE04EC0-301F-11D3-BF4B-00C04F79EFBC}") = "task 5", "task 5.csproj", "{636D86F0-7E7F-43C1-B088-35CA6F748E34}"
EndProject
Global
	GlobalSection(SolutionConfigurationPlatforms) = preSolution
		Debug|Any CPU = Debug|Any CPU
		Release|Any CPU = Release|Any CPU
	EndGlobalSection
	GlobalSection(ProjectConfigurationPlatforms) = postSolution
		{636D86F0-7E7F-43C1-B088-35CA6F748E34}.Debug|Any CPU.ActiveCfg = Debug|Any CPU
		{636D86F0-7E7F-43C1-B088-35CA6F748E34}.Debug|Any CPU.Build.0 = Debug|Any CPU
		{636D86F0-7E7F-43C1-B088-35CA6F748E34}.Release|Any CPU.ActiveCfg = Release|Any CPU
		{636D86F0-7E7F-43C1-B088-35CA6F748E34}.Release|Any CPU.Build.0 = Release|Any CPU
	EndGlobalSection
	GlobalSection(SolutionProperties) = preSolution
		HideSolutionNode = FALSE
	EndGlobalSection
	GlobalSection(ExtensibilityGlobals) = postSolution
		SolutionGuid = {3457DE0B-5425-40CC-9F6F-2D572BB0E48F}
	EndGlobalSection
EndGlobal
