
Microsoft Visual Studio Solution File, Format Version 12.00
# Visual Studio Version 17
VisualStudioVersion = 17.13.35825.156 d17.13
MinimumVisualStudioVersion = 10.0.40219.1
Project("{FAE04EC0-301F-11D3-BF4B-00C04F79EFBC}") = "task 9", "task 9.csproj", "{D9F27600-BB2A-42A1-AF18-F685434E740B}"
EndProject
Global
	GlobalSection(SolutionConfigurationPlatforms) = preSolution
		Debug|Any CPU = Debug|Any CPU
		Release|Any CPU = Release|Any CPU
	EndGlobalSection
	GlobalSection(ProjectConfigurationPlatforms) = postSolution
		{D9F27600-BB2A-42A1-AF18-F685434E740B}.Debug|Any CPU.ActiveCfg = Debug|Any CPU
		{D9F27600-BB2A-42A1-AF18-F685434E740B}.Debug|Any CPU.Build.0 = Debug|Any CPU
		{D9F27600-BB2A-42A1-AF18-F685434E740B}.Release|Any CPU.ActiveCfg = Release|Any CPU
		{D9F27600-BB2A-42A1-AF18-F685434E740B}.Release|Any CPU.Build.0 = Release|Any CPU
	EndGlobalSection
	GlobalSection(SolutionProperties) = preSolution
		HideSolutionNode = FALSE
	EndGlobalSection
	GlobalSection(ExtensibilityGlobals) = postSolution
		SolutionGuid = {8D317296-883A-445F-858C-942C43A9E404}
	EndGlobalSection
EndGlobal
